
Microsoft Visual Studio Solution File, Format Version 12.00
# Visual Studio Version 16
VisualStudioVersion = 16.0.29806.167
MinimumVisualStudioVersion = 10.0.40219.1
Project("{FAE04EC0-301F-11D3-BF4B-00C04F79EFBC}") = "BottomTabBarDemo.Android", "BottomTabBarDemo\BottomTabBarDemo.Android\BottomTabBarDemo.Android.csproj", "{6202C63D-8255-4762-B1BB-4EE247539299}"
EndProject
Project("{FAE04EC0-301F-11D3-BF4B-00C04F79EFBC}") = "BottomTabBarDemo.iOS", "BottomTabBarDemo\BottomTabBarDemo.iOS\BottomTabBarDemo.iOS.csproj", "{7D0A79EA-D112-4FA8-9C93-79A29911211C}"
EndProject
Project("{FAE04EC0-301F-11D3-BF4B-00C04F79EFBC}") = "BottomTabBarDemo", "BottomTabBarDemo\BottomTabBarDemo\BottomTabBarDemo.csproj", "{3068899B-0BE2-4E98-A7C6-5B2579D9DCE9}"
EndProject
Global
	GlobalSection(SolutionConfigurationPlatforms) = preSolution
		Debug|Any CPU = Debug|Any CPU
		Debug|iPhone = Debug|iPhone
		Debug|iPhoneSimulator = Debug|iPhoneSimulator
		Release|Any CPU = Release|Any CPU
		Release|iPhone = Release|iPhone
		Release|iPhoneSimulator = Release|iPhoneSimulator
	EndGlobalSection
	GlobalSection(ProjectConfigurationPlatforms) = postSolution
		{6202C63D-8255-4762-B1BB-4EE247539299}.Debug|Any CPU.ActiveCfg = Debug|Any CPU
		{6202C63D-8255-4762-B1BB-4EE247539299}.Debug|Any CPU.Build.0 = Debug|Any CPU
		{6202C63D-8255-4762-B1BB-4EE247539299}.Debug|Any CPU.Deploy.0 = Debug|Any CPU
		{6202C63D-8255-4762-B1BB-4EE247539299}.Debug|iPhone.ActiveCfg = Debug|Any CPU
		{6202C63D-8255-4762-B1BB-4EE247539299}.Debug|iPhone.Build.0 = Debug|Any CPU
		{6202C63D-8255-4762-B1BB-4EE247539299}.Debug|iPhone.Deploy.0 = Debug|Any CPU
		{6202C63D-8255-4762-B1BB-4EE247539299}.Debug|iPhoneSimulator.ActiveCfg = Debug|Any CPU
		{6202C63D-8255-4762-B1BB-4EE247539299}.Debug|iPhoneSimulator.Build.0 = Debug|Any CPU
		{6202C63D-8255-4762-B1BB-4EE247539299}.Debug|iPhoneSimulator.Deploy.0 = Debug|Any CPU
		{6202C63D-8255-4762-B1BB-4EE247539299}.Release|Any CPU.ActiveCfg = Release|Any CPU
		{6202C63D-8255-4762-B1BB-4EE247539299}.Release|Any CPU.Build.0 = Release|Any CPU
		{6202C63D-8255-4762-B1BB-4EE247539299}.Release|Any CPU.Deploy.0 = Release|Any CPU
		{6202C63D-8255-4762-B1BB-4EE247539299}.Release|iPhone.ActiveCfg = Release|Any CPU
		{6202C63D-8255-4762-B1BB-4EE247539299}.Release|iPhone.Build.0 = Release|Any CPU
		{6202C63D-8255-4762-B1BB-4EE247539299}.Release|iPhone.Deploy.0 = Release|Any CPU
		{6202C63D-8255-4762-B1BB-4EE247539299}.Release|iPhoneSimulator.ActiveCfg = Release|Any CPU
		{6202C63D-8255-4762-B1BB-4EE247539299}.Release|iPhoneSimulator.Build.0 = Release|Any CPU
		{6202C63D-8255-4762-B1BB-4EE247539299}.Release|iPhoneSimulator.Deploy.0 = Release|Any CPU
		{7D0A79EA-D112-4FA8-9C93-79A29911211C}.Debug|Any CPU.ActiveCfg = Debug|iPhoneSimulator
		{7D0A79EA-D112-4FA8-9C93-79A29911211C}.Debug|Any CPU.Build.0 = Debug|iPhoneSimulator
		{7D0A79EA-D112-4FA8-9C93-79A29911211C}.Debug|Any CPU.Deploy.0 = Debug|iPhoneSimulator
		{7D0A79EA-D112-4FA8-9C93-79A29911211C}.Debug|iPhone.ActiveCfg = Debug|iPhone
		{7D0A79EA-D112-4FA8-9C93-79A29911211C}.Debug|iPhone.Build.0 = Debug|iPhone
		{7D0A79EA-D112-4FA8-9C93-79A29911211C}.Debug|iPhone.Deploy.0 = Debug|iPhone
		{7D0A79EA-D112-4FA8-9C93-79A29911211C}.Debug|iPhoneSimulator.ActiveCfg = Debug|iPhoneSimulator
		{7D0A79EA-D112-4FA8-9C93-79A29911211C}.Debug|iPhoneSimulator.Build.0 = Debug|iPhoneSimulator
		{7D0A79EA-D112-4FA8-9C93-79A29911211C}.Debug|iPhoneSimulator.Deploy.0 = Debug|iPhoneSimulator
		{7D0A79EA-D112-4FA8-9C93-79A29911211C}.Release|Any CPU.ActiveCfg = Release|iPhone
		{7D0A79EA-D112-4FA8-9C93-79A29911211C}.Release|Any CPU.Build.0 = Release|iPhone
		{7D0A79EA-D112-4FA8-9C93-79A29911211C}.Release|Any CPU.Deploy.0 = Release|iPhone
		{7D0A79EA-D112-4FA8-9C93-79A29911211C}.Release|iPhone.ActiveCfg = Release|iPhone
		{7D0A79EA-D112-4FA8-9C93-79A29911211C}.Release|iPhone.Build.0 = Release|iPhone
		{7D0A79EA-D112-4FA8-9C93-79A29911211C}.Release|iPhone.Deploy.0 = Release|iPhone
		{7D0A79EA-D112-4FA8-9C93-79A29911211C}.Release|iPhoneSimulator.ActiveCfg = Release|iPhoneSimulator
		{7D0A79EA-D112-4FA8-9C93-79A29911211C}.Release|iPhoneSimulator.Build.0 = Release|iPhoneSimulator
		{7D0A79EA-D112-4FA8-9C93-79A29911211C}.Release|iPhoneSimulator.Deploy.0 = Release|iPhoneSimulator
		{3068899B-0BE2-4E98-A7C6-5B2579D9DCE9}.Debug|Any CPU.ActiveCfg = Debug|Any CPU
		{3068899B-0BE2-4E98-A7C6-5B2579D9DCE9}.Debug|Any CPU.Build.0 = Debug|Any CPU
		{3068899B-0BE2-4E98-A7C6-5B2579D9DCE9}.Debug|Any CPU.Deploy.0 = Debug|Any CPU
		{3068899B-0BE2-4E98-A7C6-5B2579D9DCE9}.Debug|iPhone.ActiveCfg = Debug|Any CPU
		{3068899B-0BE2-4E98-A7C6-5B2579D9DCE9}.Debug|iPhone.Build.0 = Debug|Any CPU
		{3068899B-0BE2-4E98-A7C6-5B2579D9DCE9}.Debug|iPhone.Deploy.0 = Debug|Any CPU
		{3068899B-0BE2-4E98-A7C6-5B2579D9DCE9}.Debug|iPhoneSimulator.ActiveCfg = Debug|Any CPU
		{3068899B-0BE2-4E98-A7C6-5B2579D9DCE9}.Debug|iPhoneSimulator.Build.0 = Debug|Any CPU
		{3068899B-0BE2-4E98-A7C6-5B2579D9DCE9}.Debug|iPhoneSimulator.Deploy.0 = Debug|Any CPU
		{3068899B-0BE2-4E98-A7C6-5B2579D9DCE9}.Release|Any CPU.ActiveCfg = Release|Any CPU
		{3068899B-0BE2-4E98-A7C6-5B2579D9DCE9}.Release|Any CPU.Build.0 = Release|Any CPU
		{3068899B-0BE2-4E98-A7C6-5B2579D9DCE9}.Release|Any CPU.Deploy.0 = Release|Any CPU
		{3068899B-0BE2-4E98-A7C6-5B2579D9DCE9}.Release|iPhone.ActiveCfg = Release|Any CPU
		{3068899B-0BE2-4E98-A7C6-5B2579D9DCE9}.Release|iPhone.Build.0 = Release|Any CPU
		{3068899B-0BE2-4E98-A7C6-5B2579D9DCE9}.Release|iPhone.Deploy.0 = Release|Any CPU
		{3068899B-0BE2-4E98-A7C6-5B2579D9DCE9}.Release|iPhoneSimulator.ActiveCfg = Release|Any CPU
		{3068899B-0BE2-4E98-A7C6-5B2579D9DCE9}.Release|iPhoneSimulator.Build.0 = Release|Any CPU
		{3068899B-0BE2-4E98-A7C6-5B2579D9DCE9}.Release|iPhoneSimulator.Deploy.0 = Release|Any CPU
	EndGlobalSection
	GlobalSection(SolutionProperties) = preSolution
		HideSolutionNode = FALSE
	EndGlobalSection
	GlobalSection(ExtensibilityGlobals) = postSolution
		SolutionGuid = {CD05F767-6A69-4771-8C3C-962796F97322}
	EndGlobalSection
EndGlobal
